
Microsoft Visual Studio Solution File, Format Version 12.00
# Visual Studio 15
VisualStudioVersion = 15.0.25807.0
MinimumVisualStudioVersion = 10.0.40219.1
Project("{2150E333-8FDC-42A3-9474-1A3956D46DE8}") = "Engine", "Engine", "{BB5DF103-7DDD-4A19-8911-409C213A20AF}"
EndProject
Project("{2150E333-8FDC-42A3-9474-1A3956D46DE8}") = "Games", "Games", "{38FD8AD0-68C8-4AE5-8A9D-40E1B1855382}"
EndProject
Project("{8BC9CEB8-8B4A-11D0-8D11-00A0C91BC942}") = "UE4", "Intermediate\ProjectFiles\UE4.vcxproj", "{4DB1774C-E2BD-496E-AEAF-E034AE116D7D}"
EndProject
Project("{8BC9CEB8-8B4A-11D0-8D11-00A0C91BC942}") = "BatteryCollector", "Intermediate\ProjectFiles\BatteryCollector.vcxproj", "{C6272FA8-5DB5-400B-96A4-A77837E03051}"
EndProject
Project("{8BC9CEB8-8B4A-11D0-8D11-00A0C91BC942}") = "winsock_server", "winsock_server\winsock_server.vcxproj", "{DCC10906-0F22-4E8C-8267-CAA18C0D128F}"
EndProject
Global
	GlobalSection(SolutionConfigurationPlatforms) = preSolution
		Debug|HTML5 = Debug|HTML5
		Debug|Win32 = Debug|Win32
		Debug|Win64 = Debug|Win64
		Debug|x64 = Debug|x64
		DebugGame Editor|HTML5 = DebugGame Editor|HTML5
		DebugGame Editor|Win32 = DebugGame Editor|Win32
		DebugGame Editor|Win64 = DebugGame Editor|Win64
		DebugGame Editor|x64 = DebugGame Editor|x64
		DebugGame|HTML5 = DebugGame|HTML5
		DebugGame|Win32 = DebugGame|Win32
		DebugGame|Win64 = DebugGame|Win64
		DebugGame|x64 = DebugGame|x64
		Development Editor|HTML5 = Development Editor|HTML5
		Development Editor|Win32 = Development Editor|Win32
		Development Editor|Win64 = Development Editor|Win64
		Development Editor|x64 = Development Editor|x64
		Development|HTML5 = Development|HTML5
		Development|Win32 = Development|Win32
		Development|Win64 = Development|Win64
		Development|x64 = Development|x64
		Release|HTML5 = Release|HTML5
		Release|Win32 = Release|Win32
		Release|Win64 = Release|Win64
		Release|x64 = Release|x64
		Shipping|HTML5 = Shipping|HTML5
		Shipping|Win32 = Shipping|Win32
		Shipping|Win64 = Shipping|Win64
		Shipping|x64 = Shipping|x64
	EndGlobalSection
	GlobalSection(ProjectConfigurationPlatforms) = postSolution
		{4DB1774C-E2BD-496E-AEAF-E034AE116D7D}.Debug|HTML5.ActiveCfg = BuiltWithUnrealBuildTool|Win32
		{4DB1774C-E2BD-496E-AEAF-E034AE116D7D}.Debug|HTML5.Build.0 = BuiltWithUnrealBuildTool|Win32
		{4DB1774C-E2BD-496E-AEAF-E034AE116D7D}.Debug|Win32.ActiveCfg = BuiltWithUnrealBuildTool|Win32
		{4DB1774C-E2BD-496E-AEAF-E034AE116D7D}.Debug|Win32.Build.0 = BuiltWithUnrealBuildTool|Win32
		{4DB1774C-E2BD-496E-AEAF-E034AE116D7D}.Debug|Win64.ActiveCfg = BuiltWithUnrealBuildTool|Win32
		{4DB1774C-E2BD-496E-AEAF-E034AE116D7D}.Debug|Win64.Build.0 = BuiltWithUnrealBuildTool|Win32
		{4DB1774C-E2BD-496E-AEAF-E034AE116D7D}.Debug|x64.ActiveCfg = BuiltWithUnrealBuildTool|Win32
		{4DB1774C-E2BD-496E-AEAF-E034AE116D7D}.Debug|x64.Build.0 = BuiltWithUnrealBuildTool|Win32
		{4DB1774C-E2BD-496E-AEAF-E034AE116D7D}.DebugGame Editor|HTML5.ActiveCfg = BuiltWithUnrealBuildTool|Win32
		{4DB1774C-E2BD-496E-AEAF-E034AE116D7D}.DebugGame Editor|HTML5.Build.0 = BuiltWithUnrealBuildTool|Win32
		{4DB1774C-E2BD-496E-AEAF-E034AE116D7D}.DebugGame Editor|Win32.ActiveCfg = BuiltWithUnrealBuildTool|Win32
		{4DB1774C-E2BD-496E-AEAF-E034AE116D7D}.DebugGame Editor|Win32.Build.0 = BuiltWithUnrealBuildTool|Win32
		{4DB1774C-E2BD-496E-AEAF-E034AE116D7D}.DebugGame Editor|Win64.ActiveCfg = BuiltWithUnrealBuildTool|Win32
		{4DB1774C-E2BD-496E-AEAF-E034AE116D7D}.DebugGame Editor|Win64.Build.0 = BuiltWithUnrealBuildTool|Win32
		{4DB1774C-E2BD-496E-AEAF-E034AE116D7D}.DebugGame Editor|x64.ActiveCfg = BuiltWithUnrealBuildTool|Win32
		{4DB1774C-E2BD-496E-AEAF-E034AE116D7D}.DebugGame Editor|x64.Build.0 = BuiltWithUnrealBuildTool|Win32
		{4DB1774C-E2BD-496E-AEAF-E034AE116D7D}.DebugGame|HTML5.ActiveCfg = BuiltWithUnrealBuildTool|Win32
		{4DB1774C-E2BD-496E-AEAF-E034AE116D7D}.DebugGame|HTML5.Build.0 = BuiltWithUnrealBuildTool|Win32
		{4DB1774C-E2BD-496E-AEAF-E034AE116D7D}.DebugGame|Win32.ActiveCfg = BuiltWithUnrealBuildTool|Win32
		{4DB1774C-E2BD-496E-AEAF-E034AE116D7D}.DebugGame|Win32.Build.0 = BuiltWithUnrealBuildTool|Win32
		{4DB1774C-E2BD-496E-AEAF-E034AE116D7D}.DebugGame|Win64.ActiveCfg = BuiltWithUnrealBuildTool|Win32
		{4DB1774C-E2BD-496E-AEAF-E034AE116D7D}.DebugGame|Win64.Build.0 = BuiltWithUnrealBuildTool|Win32
		{4DB1774C-E2BD-496E-AEAF-E034AE116D7D}.DebugGame|x64.ActiveCfg = BuiltWithUnrealBuildTool|Win32
		{4DB1774C-E2BD-496E-AEAF-E034AE116D7D}.DebugGame|x64.Build.0 = BuiltWithUnrealBuildTool|Win32
		{4DB1774C-E2BD-496E-AEAF-E034AE116D7D}.Development Editor|HTML5.ActiveCfg = BuiltWithUnrealBuildTool|Win32
		{4DB1774C-E2BD-496E-AEAF-E034AE116D7D}.Development Editor|HTML5.Build.0 = BuiltWithUnrealBuildTool|Win32
		{4DB1774C-E2BD-496E-AEAF-E034AE116D7D}.Development Editor|Win32.ActiveCfg = BuiltWithUnrealBuildTool|Win32
		{4DB1774C-E2BD-496E-AEAF-E034AE116D7D}.Development Editor|Win32.Build.0 = BuiltWithUnrealBuildTool|Win32
		{4DB1774C-E2BD-496E-AEAF-E034AE116D7D}.Development Editor|Win64.ActiveCfg = BuiltWithUnrealBuildTool|Win32
		{4DB1774C-E2BD-496E-AEAF-E034AE116D7D}.Development Editor|Win64.Build.0 = BuiltWithUnrealBuildTool|Win32
		{4DB1774C-E2BD-496E-AEAF-E034AE116D7D}.Development Editor|x64.ActiveCfg = BuiltWithUnrealBuildTool|Win32
		{4DB1774C-E2BD-496E-AEAF-E034AE116D7D}.Development Editor|x64.Build.0 = BuiltWithUnrealBuildTool|Win32
		{4DB1774C-E2BD-496E-AEAF-E034AE116D7D}.Development|HTML5.ActiveCfg = BuiltWithUnrealBuildTool|Win32
		{4DB1774C-E2BD-496E-AEAF-E034AE116D7D}.Development|HTML5.Build.0 = BuiltWithUnrealBuildTool|Win32
		{4DB1774C-E2BD-496E-AEAF-E034AE116D7D}.Development|Win32.ActiveCfg = BuiltWithUnrealBuildTool|Win32
		{4DB1774C-E2BD-496E-AEAF-E034AE116D7D}.Development|Win32.Build.0 = BuiltWithUnrealBuildTool|Win32
		{4DB1774C-E2BD-496E-AEAF-E034AE116D7D}.Development|Win64.ActiveCfg = BuiltWithUnrealBuildTool|Win32
		{4DB1774C-E2BD-496E-AEAF-E034AE116D7D}.Development|Win64.Build.0 = BuiltWithUnrealBuildTool|Win32
		{4DB1774C-E2BD-496E-AEAF-E034AE116D7D}.Development|x64.ActiveCfg = BuiltWithUnrealBuildTool|Win32
		{4DB1774C-E2BD-496E-AEAF-E034AE116D7D}.Development|x64.Build.0 = BuiltWithUnrealBuildTool|Win32
		{4DB1774C-E2BD-496E-AEAF-E034AE116D7D}.Release|HTML5.ActiveCfg = BuiltWithUnrealBuildTool|Win32
		{4DB1774C-E2BD-496E-AEAF-E034AE116D7D}.Release|HTML5.Build.0 = BuiltWithUnrealBuildTool|Win32
		{4DB1774C-E2BD-496E-AEAF-E034AE116D7D}.Release|Win32.ActiveCfg = BuiltWithUnrealBuildTool|Win32
		{4DB1774C-E2BD-496E-AEAF-E034AE116D7D}.Release|Win32.Build.0 = BuiltWithUnrealBuildTool|Win32
		{4DB1774C-E2BD-496E-AEAF-E034AE116D7D}.Release|Win64.ActiveCfg = BuiltWithUnrealBuildTool|Win32
		{4DB1774C-E2BD-496E-AEAF-E034AE116D7D}.Release|Win64.Build.0 = BuiltWithUnrealBuildTool|Win32
		{4DB1774C-E2BD-496E-AEAF-E034AE116D7D}.Release|x64.ActiveCfg = BuiltWithUnrealBuildTool|Win32
		{4DB1774C-E2BD-496E-AEAF-E034AE116D7D}.Release|x64.Build.0 = BuiltWithUnrealBuildTool|Win32
		{4DB1774C-E2BD-496E-AEAF-E034AE116D7D}.Shipping|HTML5.ActiveCfg = BuiltWithUnrealBuildTool|Win32
		{4DB1774C-E2BD-496E-AEAF-E034AE116D7D}.Shipping|HTML5.Build.0 = BuiltWithUnrealBuildTool|Win32
		{4DB1774C-E2BD-496E-AEAF-E034AE116D7D}.Shipping|Win32.ActiveCfg = BuiltWithUnrealBuildTool|Win32
		{4DB1774C-E2BD-496E-AEAF-E034AE116D7D}.Shipping|Win32.Build.0 = BuiltWithUnrealBuildTool|Win32
		{4DB1774C-E2BD-496E-AEAF-E034AE116D7D}.Shipping|Win64.ActiveCfg = BuiltWithUnrealBuildTool|Win32
		{4DB1774C-E2BD-496E-AEAF-E034AE116D7D}.Shipping|Win64.Build.0 = BuiltWithUnrealBuildTool|Win32
		{4DB1774C-E2BD-496E-AEAF-E034AE116D7D}.Shipping|x64.ActiveCfg = BuiltWithUnrealBuildTool|Win32
		{4DB1774C-E2BD-496E-AEAF-E034AE116D7D}.Shipping|x64.Build.0 = BuiltWithUnrealBuildTool|Win32
		{C6272FA8-5DB5-400B-96A4-A77837E03051}.Debug|HTML5.ActiveCfg = HTML5_DebugGame_Game|x64
		{C6272FA8-5DB5-400B-96A4-A77837E03051}.Debug|HTML5.Build.0 = HTML5_DebugGame_Game|x64
		{C6272FA8-5DB5-400B-96A4-A77837E03051}.Debug|Win32.ActiveCfg = DebugGame_Game|Win32
		{C6272FA8-5DB5-400B-96A4-A77837E03051}.Debug|Win32.Build.0 = DebugGame_Game|Win32
		{C6272FA8-5DB5-400B-96A4-A77837E03051}.Debug|Win64.ActiveCfg = HTML5_DebugGame_Game|x64
		{C6272FA8-5DB5-400B-96A4-A77837E03051}.Debug|Win64.Build.0 = HTML5_DebugGame_Game|x64
		{C6272FA8-5DB5-400B-96A4-A77837E03051}.Debug|x64.ActiveCfg = HTML5_DebugGame_Game|x64
		{C6272FA8-5DB5-400B-96A4-A77837E03051}.Debug|x64.Build.0 = HTML5_DebugGame_Game|x64
		{C6272FA8-5DB5-400B-96A4-A77837E03051}.DebugGame Editor|HTML5.ActiveCfg = HTML5_DebugGame_Editor|Win32
		{C6272FA8-5DB5-400B-96A4-A77837E03051}.DebugGame Editor|Win32.ActiveCfg = DebugGame_Editor|Win32
		{C6272FA8-5DB5-400B-96A4-A77837E03051}.DebugGame Editor|Win64.ActiveCfg = DebugGame_Editor|x64
		{C6272FA8-5DB5-400B-96A4-A77837E03051}.DebugGame Editor|Win64.Build.0 = DebugGame_Editor|x64
		{C6272FA8-5DB5-400B-96A4-A77837E03051}.DebugGame Editor|x64.ActiveCfg = DebugGame_Game|x64
		{C6272FA8-5DB5-400B-96A4-A77837E03051}.DebugGame Editor|x64.Build.0 = DebugGame_Game|x64
		{C6272FA8-5DB5-400B-96A4-A77837E03051}.DebugGame|HTML5.ActiveCfg = HTML5_DebugGame_Game|Win32
		{C6272FA8-5DB5-400B-96A4-A77837E03051}.DebugGame|HTML5.Build.0 = HTML5_DebugGame_Game|Win32
		{C6272FA8-5DB5-400B-96A4-A77837E03051}.DebugGame|Win32.ActiveCfg = DebugGame_Game|Win32
		{C6272FA8-5DB5-400B-96A4-A77837E03051}.DebugGame|Win32.Build.0 = DebugGame_Game|Win32
		{C6272FA8-5DB5-400B-96A4-A77837E03051}.DebugGame|Win64.ActiveCfg = DebugGame_Game|x64
		{C6272FA8-5DB5-400B-96A4-A77837E03051}.DebugGame|Win64.Build.0 = DebugGame_Game|x64
		{C6272FA8-5DB5-400B-96A4-A77837E03051}.DebugGame|x64.ActiveCfg = HTML5_DebugGame_Game|x64
		{C6272FA8-5DB5-400B-96A4-A77837E03051}.DebugGame|x64.Build.0 = HTML5_DebugGame_Game|x64
		{C6272FA8-5DB5-400B-96A4-A77837E03051}.Development Editor|HTML5.ActiveCfg = HTML5_Development_Editor|Win32
		{C6272FA8-5DB5-400B-96A4-A77837E03051}.Development Editor|Win32.ActiveCfg = Development_Editor|Win32
		{C6272FA8-5DB5-400B-96A4-A77837E03051}.Development Editor|Win64.ActiveCfg = Development_Editor|x64
		{C6272FA8-5DB5-400B-96A4-A77837E03051}.Development Editor|Win64.Build.0 = Development_Editor|x64
		{C6272FA8-5DB5-400B-96A4-A77837E03051}.Development Editor|x64.ActiveCfg = Development_Game|x64
		{C6272FA8-5DB5-400B-96A4-A77837E03051}.Development Editor|x64.Build.0 = Development_Game|x64
		{C6272FA8-5DB5-400B-96A4-A77837E03051}.Development|HTML5.ActiveCfg = HTML5_Development_Game|Win32
		{C6272FA8-5DB5-400B-96A4-A77837E03051}.Development|HTML5.Build.0 = HTML5_Development_Game|Win32
		{C6272FA8-5DB5-400B-96A4-A77837E03051}.Development|Win32.ActiveCfg = Development_Game|Win32
		{C6272FA8-5DB5-400B-96A4-A77837E03051}.Development|Win32.Build.0 = Development_Game|Win32
		{C6272FA8-5DB5-400B-96A4-A77837E03051}.Development|Win64.ActiveCfg = Development_Game|x64
		{C6272FA8-5DB5-400B-96A4-A77837E03051}.Development|Win64.Build.0 = Development_Game|x64
		{C6272FA8-5DB5-400B-96A4-A77837E03051}.Development|x64.ActiveCfg = HTML5_Development_Editor|x64
		{C6272FA8-5DB5-400B-96A4-A77837E03051}.Development|x64.Build.0 = HTML5_Development_Editor|x64
		{C6272FA8-5DB5-400B-96A4-A77837E03051}.Release|HTML5.ActiveCfg = HTML5_DebugGame_Game|x64
		{C6272FA8-5DB5-400B-96A4-A77837E03051}.Release|HTML5.Build.0 = HTML5_DebugGame_Game|x64
		{C6272FA8-5DB5-400B-96A4-A77837E03051}.Release|Win32.ActiveCfg = Shipping_Game|Win32
		{C6272FA8-5DB5-400B-96A4-A77837E03051}.Release|Win32.Build.0 = Shipping_Game|Win32
		{C6272FA8-5DB5-400B-96A4-A77837E03051}.Release|Win64.ActiveCfg = HTML5_DebugGame_Game|x64
		{C6272FA8-5DB5-400B-96A4-A77837E03051}.Release|Win64.Build.0 = HTML5_DebugGame_Game|x64
		{C6272FA8-5DB5-400B-96A4-A77837E03051}.Release|x64.ActiveCfg = HTML5_DebugGame_Game|x64
		{C6272FA8-5DB5-400B-96A4-A77837E03051}.Release|x64.Build.0 = HTML5_DebugGame_Game|x64
		{C6272FA8-5DB5-400B-96A4-A77837E03051}.Shipping|HTML5.ActiveCfg = HTML5_Shipping_Game|Win32
		{C6272FA8-5DB5-400B-96A4-A77837E03051}.Shipping|HTML5.Build.0 = HTML5_Shipping_Game|Win32
		{C6272FA8-5DB5-400B-96A4-A77837E03051}.Shipping|Win32.ActiveCfg = Shipping_Game|Win32
		{C6272FA8-5DB5-400B-96A4-A77837E03051}.Shipping|Win32.Build.0 = Shipping_Game|Win32
		{C6272FA8-5DB5-400B-96A4-A77837E03051}.Shipping|Win64.ActiveCfg = Shipping_Game|x64
		{C6272FA8-5DB5-400B-96A4-A77837E03051}.Shipping|Win64.Build.0 = Shipping_Game|x64
		{C6272FA8-5DB5-400B-96A4-A77837E03051}.Shipping|x64.ActiveCfg = HTML5_Shipping_Game|x64
		{C6272FA8-5DB5-400B-96A4-A77837E03051}.Shipping|x64.Build.0 = HTML5_Shipping_Game|x64
		{DCC10906-0F22-4E8C-8267-CAA18C0D128F}.Debug|HTML5.ActiveCfg = Debug|Win32
		{DCC10906-0F22-4E8C-8267-CAA18C0D128F}.Debug|Win32.ActiveCfg = Debug|Win32
		{DCC10906-0F22-4E8C-8267-CAA18C0D128F}.Debug|Win32.Build.0 = Debug|Win32
		{DCC10906-0F22-4E8C-8267-CAA18C0D128F}.Debug|Win64.ActiveCfg = Debug|Win32
		{DCC10906-0F22-4E8C-8267-CAA18C0D128F}.Debug|x64.ActiveCfg = Debug|x64
		{DCC10906-0F22-4E8C-8267-CAA18C0D128F}.Debug|x64.Build.0 = Debug|x64
		{DCC10906-0F22-4E8C-8267-CAA18C0D128F}.DebugGame Editor|HTML5.ActiveCfg = Release|x64
		{DCC10906-0F22-4E8C-8267-CAA18C0D128F}.DebugGame Editor|HTML5.Build.0 = Release|x64
		{DCC10906-0F22-4E8C-8267-CAA18C0D128F}.DebugGame Editor|Win32.ActiveCfg = Debug|Win32
		{DCC10906-0F22-4E8C-8267-CAA18C0D128F}.DebugGame Editor|Win32.Build.0 = Debug|Win32
		{DCC10906-0F22-4E8C-8267-CAA18C0D128F}.DebugGame Editor|Win64.ActiveCfg = Release|x64
		{DCC10906-0F22-4E8C-8267-CAA18C0D128F}.DebugGame Editor|Win64.Build.0 = Release|x64
		{DCC10906-0F22-4E8C-8267-CAA18C0D128F}.DebugGame Editor|x64.ActiveCfg = Debug|x64
		{DCC10906-0F22-4E8C-8267-CAA18C0D128F}.DebugGame Editor|x64.Build.0 = Debug|x64
		{DCC10906-0F22-4E8C-8267-CAA18C0D128F}.DebugGame|HTML5.ActiveCfg = Release|x64
		{DCC10906-0F22-4E8C-8267-CAA18C0D128F}.DebugGame|HTML5.Build.0 = Release|x64
		{DCC10906-0F22-4E8C-8267-CAA18C0D128F}.DebugGame|Win32.ActiveCfg = Debug|Win32
		{DCC10906-0F22-4E8C-8267-CAA18C0D128F}.DebugGame|Win32.Build.0 = Debug|Win32
		{DCC10906-0F22-4E8C-8267-CAA18C0D128F}.DebugGame|Win64.ActiveCfg = Release|x64
		{DCC10906-0F22-4E8C-8267-CAA18C0D128F}.DebugGame|Win64.Build.0 = Release|x64
		{DCC10906-0F22-4E8C-8267-CAA18C0D128F}.DebugGame|x64.ActiveCfg = Debug|x64
		{DCC10906-0F22-4E8C-8267-CAA18C0D128F}.DebugGame|x64.Build.0 = Debug|x64
		{DCC10906-0F22-4E8C-8267-CAA18C0D128F}.Development Editor|HTML5.ActiveCfg = Release|x64
		{DCC10906-0F22-4E8C-8267-CAA18C0D128F}.Development Editor|HTML5.Build.0 = Release|x64
		{DCC10906-0F22-4E8C-8267-CAA18C0D128F}.Development Editor|Win32.ActiveCfg = Debug|Win32
		{DCC10906-0F22-4E8C-8267-CAA18C0D128F}.Development Editor|Win32.Build.0 = Debug|Win32
		{DCC10906-0F22-4E8C-8267-CAA18C0D128F}.Development Editor|Win64.ActiveCfg = Release|x64
		{DCC10906-0F22-4E8C-8267-CAA18C0D128F}.Development Editor|Win64.Build.0 = Release|x64
		{DCC10906-0F22-4E8C-8267-CAA18C0D128F}.Development Editor|x64.ActiveCfg = Debug|x64
		{DCC10906-0F22-4E8C-8267-CAA18C0D128F}.Development Editor|x64.Build.0 = Debug|x64
		{DCC10906-0F22-4E8C-8267-CAA18C0D128F}.Development|HTML5.ActiveCfg = Release|x64
		{DCC10906-0F22-4E8C-8267-CAA18C0D128F}.Development|HTML5.Build.0 = Release|x64
		{DCC10906-0F22-4E8C-8267-CAA18C0D128F}.Development|Win32.ActiveCfg = Debug|Win32
		{DCC10906-0F22-4E8C-8267-CAA18C0D128F}.Development|Win32.Build.0 = Debug|Win32
		{DCC10906-0F22-4E8C-8267-CAA18C0D128F}.Development|Win64.ActiveCfg = Release|x64
		{DCC10906-0F22-4E8C-8267-CAA18C0D128F}.Development|Win64.Build.0 = Release|x64
		{DCC10906-0F22-4E8C-8267-CAA18C0D128F}.Development|x64.ActiveCfg = Debug|x64
		{DCC10906-0F22-4E8C-8267-CAA18C0D128F}.Development|x64.Build.0 = Debug|x64
		{DCC10906-0F22-4E8C-8267-CAA18C0D128F}.Release|HTML5.ActiveCfg = Release|Win32
		{DCC10906-0F22-4E8C-8267-CAA18C0D128F}.Release|Win32.ActiveCfg = Release|Win32
		{DCC10906-0F22-4E8C-8267-CAA18C0D128F}.Release|Win32.Build.0 = Release|Win32
		{DCC10906-0F22-4E8C-8267-CAA18C0D128F}.Release|Win64.ActiveCfg = Release|Win32
		{DCC10906-0F22-4E8C-8267-CAA18C0D128F}.Release|x64.ActiveCfg = Release|x64
		{DCC10906-0F22-4E8C-8267-CAA18C0D128F}.Release|x64.Build.0 = Release|x64
		{DCC10906-0F22-4E8C-8267-CAA18C0D128F}.Shipping|HTML5.ActiveCfg = Release|x64
		{DCC10906-0F22-4E8C-8267-CAA18C0D128F}.Shipping|HTML5.Build.0 = Release|x64
		{DCC10906-0F22-4E8C-8267-CAA18C0D128F}.Shipping|Win32.ActiveCfg = Release|Win32
		{DCC10906-0F22-4E8C-8267-CAA18C0D128F}.Shipping|Win32.Build.0 = Release|Win32
		{DCC10906-0F22-4E8C-8267-CAA18C0D128F}.Shipping|Win64.ActiveCfg = Release|x64
		{DCC10906-0F22-4E8C-8267-CAA18C0D128F}.Shipping|Win64.Build.0 = Release|x64
		{DCC10906-0F22-4E8C-8267-CAA18C0D128F}.Shipping|x64.ActiveCfg = Release|x64
		{DCC10906-0F22-4E8C-8267-CAA18C0D128F}.Shipping|x64.Build.0 = Release|x64
	EndGlobalSection
	GlobalSection(SolutionProperties) = preSolution
		HideSolutionNode = FALSE
	EndGlobalSection
	GlobalSection(NestedProjects) = preSolution
		{4DB1774C-E2BD-496E-AEAF-E034AE116D7D} = {BB5DF103-7DDD-4A19-8911-409C213A20AF}
		{C6272FA8-5DB5-400B-96A4-A77837E03051} = {38FD8AD0-68C8-4AE5-8A9D-40E1B1855382}
		{DCC10906-0F22-4E8C-8267-CAA18C0D128F} = {38FD8AD0-68C8-4AE5-8A9D-40E1B1855382}
	EndGlobalSection
	GlobalSection(ExtensibilityGlobals) = postSolution
		SolutionGuid = {2B44CC59-D40D-477D-B5EC-BACE9ADCC4C6}
	EndGlobalSection
EndGlobal
